
Microsoft Visual Studio Solution File, Format Version 12.00
# Visual Studio Version 16
VisualStudioVersion = 16.0.30611.23
MinimumVisualStudioVersion = 10.0.40219.1
Project("{FAE04EC0-301F-11D3-BF4B-00C04F79EFBC}") = "ServiceEnergyColletor", "ServiceEnergyColletor.csproj", "{F0A20E8B-E2DE-48B4-916A-FC63EEABBBDF}"
EndProject
Global
	GlobalSection(SolutionConfigurationPlatforms) = preSolution
		Debug|Any CPU = Debug|Any CPU
		Release|Any CPU = Release|Any CPU
	EndGlobalSection
	GlobalSection(ProjectConfigurationPlatforms) = postSolution
		{F0A20E8B-E2DE-48B4-916A-FC63EEABBBDF}.Debug|Any CPU.ActiveCfg = Debug|Any CPU
		{F0A20E8B-E2DE-48B4-916A-FC63EEABBBDF}.Debug|Any CPU.Build.0 = Debug|Any CPU
		{F0A20E8B-E2DE-48B4-916A-FC63EEABBBDF}.Release|Any CPU.ActiveCfg = Release|Any CPU
		{F0A20E8B-E2DE-48B4-916A-FC63EEABBBDF}.Release|Any CPU.Build.0 = Release|Any CPU
	EndGlobalSection
	GlobalSection(SolutionProperties) = preSolution
		HideSolutionNode = FALSE
	EndGlobalSection
	GlobalSection(ExtensibilityGlobals) = postSolution
		SolutionGuid = {FA9B7D6A-FACE-4B71-9BCE-FBE48B65C450}
	EndGlobalSection
EndGlobal
